
Microsoft Visual Studio Solution File, Format Version 12.00
# Visual Studio 14
VisualStudioVersion = 14.0.25420.1
MinimumVisualStudioVersion = 10.0.40219.1
Project("{FAE04EC0-301F-11D3-BF4B-00C04F79EFBC}") = "common-types", "common-types\common-types.csproj", "{FEC2A982-77B6-41E1-8160-B7F761AC4388}"
EndProject
Project("{FAE04EC0-301F-11D3-BF4B-00C04F79EFBC}") = "master-app", "master-app\master-app.csproj", "{44E1BBC4-0F1B-49D4-B3BA-7784552ECFE0}"
EndProject
Project("{8BB2217D-0F2D-49D1-97BC-3654ED321F3B}") = "web-api", "web-api\web-api.xproj", "{E4A7AF56-BE31-4BA4-92F9-2CF6ED06EA6C}"
EndProject
Global
	GlobalSection(SolutionConfigurationPlatforms) = preSolution
		Debug|Any CPU = Debug|Any CPU
		Release|Any CPU = Release|Any CPU
	EndGlobalSection
	GlobalSection(ProjectConfigurationPlatforms) = postSolution
		{FEC2A982-77B6-41E1-8160-B7F761AC4388}.Debug|Any CPU.ActiveCfg = Debug|Any CPU
		{FEC2A982-77B6-41E1-8160-B7F761AC4388}.Debug|Any CPU.Build.0 = Debug|Any CPU
		{FEC2A982-77B6-41E1-8160-B7F761AC4388}.Release|Any CPU.ActiveCfg = Release|Any CPU
		{FEC2A982-77B6-41E1-8160-B7F761AC4388}.Release|Any CPU.Build.0 = Release|Any CPU
		{44E1BBC4-0F1B-49D4-B3BA-7784552ECFE0}.Debug|Any CPU.ActiveCfg = Debug|Any CPU
		{44E1BBC4-0F1B-49D4-B3BA-7784552ECFE0}.Debug|Any CPU.Build.0 = Debug|Any CPU
		{44E1BBC4-0F1B-49D4-B3BA-7784552ECFE0}.Release|Any CPU.ActiveCfg = Release|Any CPU
		{44E1BBC4-0F1B-49D4-B3BA-7784552ECFE0}.Release|Any CPU.Build.0 = Release|Any CPU
		{E4A7AF56-BE31-4BA4-92F9-2CF6ED06EA6C}.Debug|Any CPU.ActiveCfg = Debug|Any CPU
		{E4A7AF56-BE31-4BA4-92F9-2CF6ED06EA6C}.Debug|Any CPU.Build.0 = Debug|Any CPU
		{E4A7AF56-BE31-4BA4-92F9-2CF6ED06EA6C}.Release|Any CPU.ActiveCfg = Release|Any CPU
		{E4A7AF56-BE31-4BA4-92F9-2CF6ED06EA6C}.Release|Any CPU.Build.0 = Release|Any CPU
	EndGlobalSection
	GlobalSection(SolutionProperties) = preSolution
		HideSolutionNode = FALSE
	EndGlobalSection
EndGlobal
